
Microsoft Visual Studio Solution File, Format Version 12.00
# Visual Studio Version 16
VisualStudioVersion = 16.0.808.4
MinimumVisualStudioVersion = 10.0.40219.1
Project("{FAE04EC0-301F-11D3-BF4B-00C04F79EFBC}") = "Calculator", "Calculator\Calculator.csproj", "{4CC1945A-E9BB-4F87-A0C5-FBA9E114634A}"
EndProject
Project("{FAE04EC0-301F-11D3-BF4B-00C04F79EFBC}") = "Messages", "Messages\Messages.csproj", "{512707FA-6050-48B6-B9CE-54F651995C2B}"
EndProject
Global
	GlobalSection(SolutionConfigurationPlatforms) = preSolution
		Debug|Any CPU = Debug|Any CPU
		Release|Any CPU = Release|Any CPU
	EndGlobalSection
	GlobalSection(ProjectConfigurationPlatforms) = postSolution
		{4CC1945A-E9BB-4F87-A0C5-FBA9E114634A}.Debug|Any CPU.ActiveCfg = Debug|Any CPU
		{4CC1945A-E9BB-4F87-A0C5-FBA9E114634A}.Debug|Any CPU.Build.0 = Debug|Any CPU
		{4CC1945A-E9BB-4F87-A0C5-FBA9E114634A}.Release|Any CPU.ActiveCfg = Release|Any CPU
		{4CC1945A-E9BB-4F87-A0C5-FBA9E114634A}.Release|Any CPU.Build.0 = Release|Any CPU
		{512707FA-6050-48B6-B9CE-54F651995C2B}.Debug|Any CPU.ActiveCfg = Debug|Any CPU
		{512707FA-6050-48B6-B9CE-54F651995C2B}.Debug|Any CPU.Build.0 = Debug|Any CPU
		{512707FA-6050-48B6-B9CE-54F651995C2B}.Release|Any CPU.ActiveCfg = Release|Any CPU
		{512707FA-6050-48B6-B9CE-54F651995C2B}.Release|Any CPU.Build.0 = Release|Any CPU
	EndGlobalSection
	GlobalSection(SolutionProperties) = preSolution
		HideSolutionNode = FALSE
	EndGlobalSection
	GlobalSection(ExtensibilityGlobals) = postSolution
		SolutionGuid = {9AF7E9E0-AABB-4F95-AF26-AFFD5E5265BE}
	EndGlobalSection
EndGlobal
